// !$*UTF8*$!
{
	archiveVersion = 1;
	classes = {
	};
	objectVersion = 50;
	objects = {

/* Begin PBXBuildFile section */
		445581A924B653EB006AB30F /* AppDelegate.swift in Sources */ = {isa = PBXBuildFile; fileRef = 445581A824B653EB006AB30F /* AppDelegate.swift */; };
		445581AB24B653EB006AB30F /* ViewController.swift in Sources */ = {isa = PBXBuildFile; fileRef = 445581AA24B653EB006AB30F /* ViewController.swift */; };
		445581AE24B653EB006AB30F /* Main.storyboard in Resources */ = {isa = PBXBuildFile; fileRef = 445581AC24B653EB006AB30F /* Main.storyboard */; };
		445581B024B653EE006AB30F /* Assets.xcassets in Resources */ = {isa = PBXBuildFile; fileRef = 445581AF24B653EE006AB30F /* Assets.xcassets */; };
		445581B324B653EE006AB30F /* LaunchScreen.storyboard in Resources */ = {isa = PBXBuildFile; fileRef = 445581B124B653EE006AB30F /* LaunchScreen.storyboard */; };
		445581BE24B653EF006AB30F /* TipCalculator2Tests.swift in Sources */ = {isa = PBXBuildFile; fileRef = 445581BD24B653EF006AB30F /* TipCalculator2Tests.swift */; };
		445581C924B653EF006AB30F /* TipCalculator2UITests.swift in Sources */ = {isa = PBXBuildFile; fileRef = 445581C824B653EF006AB30F /* TipCalculator2UITests.swift */; };
/* End PBXBuildFile section */

/* Begin PBXContainerItemProxy section */
		445581BA24B653EF006AB30F /* PBXContainerItemProxy */ = {
			isa = PBXContainerItemProxy;
			containerPortal = 4455819D24B653EB006AB30F /* Project object */;
			proxyType = 1;
			remoteGlobalIDString = 445581A424B653EB006AB30F;
			remoteInfo = TipCalculator2;
		};
		445581C524B653EF006AB30F /* PBXContainerItemProxy */ = {
			isa = PBXContainerItemProxy;
			containerPortal = 4455819D24B653EB006AB30F /* Project object */;
			proxyType = 1;
			remoteGlobalIDString = 445581A424B653EB006AB30F;
			remoteInfo = TipCalculator2;
		};
/* End PBXContainerItemProxy section */

/* Begin PBXFileReference section */
		445581A524B653EB006AB30F /* TipCalculator2.app */ = {isa = PBXFileReference; explicitFileType = wrapper.application; includeInIndex = 0; path = TipCalculator2.app; sourceTree = BUILT_PRODUCTS_DIR; };
		445581A824B653EB006AB30F /* AppDelegate.swift */ = {isa = PBXFileReference; lastKnownFileType = sourcecode.swift; path = AppDelegate.swift; sourceTree = "<group>"; };
		445581AA24B653EB006AB30F /* ViewController.swift */ = {isa = PBXFileReference; lastKnownFileType = sourcecode.swift; path = ViewController.swift; sourceTree = "<group>"; };
		445581AD24B653EB006AB30F /* Base */ = {isa = PBXFileReference; lastKnownFileType = file.storyboard; name = Base; path = Base.lproj/Main.storyboard; sourceTree = "<group>"; };
		445581AF24B653EE006AB30F /* Assets.xcassets */ = {isa = PBXFileReference; lastKnownFileType = folder.assetcatalog; path = Assets.xcassets; sourceTree = "<group>"; };
		445581B224B653EE006AB30F /* Base */ = {isa = PBXFileReference; lastKnownFileType = file.storyboard; name = Base; path = Base.lproj/LaunchScreen.storyboard; sourceTree = "<group>"; };
		445581B424B653EF006AB30F /* Info.plist */ = {isa = PBXFileReference; lastKnownFileType = text.plist.xml; path = Info.plist; sourceTree = "<group>"; };
		445581B924B653EF006AB30F /* TipCalculator2Tests.xctest */ = {isa = PBXFileReference; explicitFileType = wrapper.cfbundle; includeInIndex = 0; path = TipCalculator2Tests.xctest; sourceTree = BUILT_PRODUCTS_DIR; };
		445581BD24B653EF006AB30F /* TipCalculator2Tests.swift */ = {isa = PBXFileReference; lastKnownFileType = sourcecode.swift; path = TipCalculator2Tests.swift; sourceTree = "<group>"; };
		445581BF24B653EF006AB30F /* Info.plist */ = {isa = PBXFileReference; lastKnownFileType = text.plist.xml; path = Info.plist; sourceTree = "<group>"; };
		445581C424B653EF006AB30F /* TipCalculator2UITests.xctest */ = {isa = PBXFileReference; explicitFileType = wrapper.cfbundle; includeInIndex = 0; path = TipCalculator2UITests.xctest; sourceTree = BUILT_PRODUCTS_DIR; };
		445581C824B653EF006AB30F /* TipCalculator2UITests.swift */ = {isa = PBXFileReference; lastKnownFileType = sourcecode.swift; path = TipCalculator2UITests.swift; sourceTree = "<group>"; };
		445581CA24B653EF006AB30F /* Info.plist */ = {isa = PBXFileReference; lastKnownFileType = text.plist.xml; path = Info.plist; sourceTree = "<group>"; };
/* End PBXFileReference section */

/* Begin PBXFrameworksBuildPhase section */
		445581A224B653EB006AB30F /* Frameworks */ = {
			isa = PBXFrameworksBuildPhase;
			buildActionMask = 2147483647;
			files = (
			);
			runOnlyForDeploymentPostprocessing = 0;
		};
		445581B624B653EF006AB30F /* Frameworks */ = {
			isa = PBXFrameworksBuildPhase;
			buildActionMask = 2147483647;
			files = (
			);
			runOnlyForDeploymentPostprocessing = 0;
		};
		445581C124B653EF006AB30F /* Frameworks */ = {
			isa = PBXFrameworksBuildPhase;
			buildActionMask = 2147483647;
			files = (
			);
			runOnlyForDeploymentPostprocessing = 0;
		};
/* End PBXFrameworksBuildPhase section */

/* Begin PBXGroup section */
		4455819C24B653EB006AB30F = {
			isa = PBXGroup;
			children = (
				445581A724B653EB006AB30F /* TipCalculator2 */,
				445581BC24B653EF006AB30F /* TipCalculator2Tests */,
				445581C724B653EF006AB30F /* TipCalculator2UITests */,
				445581A624B653EB006AB30F /* Products */,
			);
			sourceTree = "<group>";
		};
		445581A624B653EB006AB30F /* Products */ = {
			isa = PBXGroup;
			children = (
				445581A524B653EB006AB30F /* TipCalculator2.app */,
				445581B924B653EF006AB30F /* TipCalculator2Tests.xctest */,
				445581C424B653EF006AB30F /* TipCalculator2UITests.xctest */,
			);
			name = Products;
			sourceTree = "<group>";
		};
		445581A724B653EB006AB30F /* TipCalculator2 */ = {
			isa = PBXGroup;
			children = (
				445581A824B653EB006AB30F /* AppDelegate.swift */,
				445581AA24B653EB006AB30F /* ViewController.swift */,
				445581AC24B653EB006AB30F /* Main.storyboard */,
				445581AF24B653EE006AB30F /* Assets.xcassets */,
				445581B124B653EE006AB30F /* LaunchScreen.storyboard */,
				445581B424B653EF006AB30F /* Info.plist */,
			);
			path = TipCalculator2;
			sourceTree = "<group>";
		};
		445581BC24B653EF006AB30F /* TipCalculator2Tests */ = {
			isa = PBXGroup;
			children = (
				445581BD24B653EF006AB30F /* TipCalculator2Tests.swift */,
				445581BF24B653EF006AB30F /* Info.plist */,
			);
			path = TipCalculator2Tests;
			sourceTree = "<group>";
		};
		445581C724B653EF006AB30F /* TipCalculator2UITests */ = {
			isa = PBXGroup;
			children = (
				445581C824B653EF006AB30F /* TipCalculator2UITests.swift */,
				445581CA24B653EF006AB30F /* Info.plist */,
			);
			path = TipCalculator2UITests;
			sourceTree = "<group>";
		};
/* End PBXGroup section */

/* Begin PBXNativeTarget section */
		445581A424B653EB006AB30F /* TipCalculator2 */ = {
			isa = PBXNativeTarget;
			buildConfigurationList = 445581CD24B653EF006AB30F /* Build configuration list for PBXNativeTarget "TipCalculator2" */;
			buildPhases = (
				445581A124B653EB006AB30F /* Sources */,
				445581A224B653EB006AB30F /* Frameworks */,
				445581A324B653EB006AB30F /* Resources */,
			);
			buildRules = (
			);
			dependencies = (
			);
			name = TipCalculator2;
			productName = TipCalculator2;
			productReference = 445581A524B653EB006AB30F /* TipCalculator2.app */;
			productType = "com.apple.product-type.application";
		};
		445581B824B653EF006AB30F /* TipCalculator2Tests */ = {
			isa = PBXNativeTarget;
			buildConfigurationList = 445581D024B653EF006AB30F /* Build configuration list for PBXNativeTarget "TipCalculator2Tests" */;
			buildPhases = (
				445581B524B653EF006AB30F /* Sources */,
				445581B624B653EF006AB30F /* Frameworks */,
				445581B724B653EF006AB30F /* Resources */,
			);
			buildRules = (
			);
			dependencies = (
				445581BB24B653EF006AB30F /* PBXTargetDependency */,
			);
			name = TipCalculator2Tests;
			productName = TipCalculator2Tests;
			productReference = 445581B924B653EF006AB30F /* TipCalculator2Tests.xctest */;
			productType = "com.apple.product-type.bundle.unit-test";
		};
		445581C324B653EF006AB30F /* TipCalculator2UITests */ = {
			isa = PBXNativeTarget;
			buildConfigurationList = 445581D324B653EF006AB30F /* Build configuration list for PBXNativeTarget "TipCalculator2UITests" */;
			buildPhases = (
				445581C024B653EF006AB30F /* Sources */,
				445581C124B653EF006AB30F /* Frameworks */,
				445581C224B653EF006AB30F /* Resources */,
			);
			buildRules = (
			);
			dependencies = (
				445581C624B653EF006AB30F /* PBXTargetDependency */,
			);
			name = TipCalculator2UITests;
			productName = TipCalculator2UITests;
			productReference = 445581C424B653EF006AB30F /* TipCalculator2UITests.xctest */;
			productType = "com.apple.product-type.bundle.ui-testing";
		};
/* End PBXNativeTarget section */

/* Begin PBXProject section */
		4455819D24B653EB006AB30F /* Project object */ = {
			isa = PBXProject;
			attributes = {
				LastSwiftUpdateCheck = 1020;
				LastUpgradeCheck = 1020;
				ORGANIZATIONNAME = Codepath;
				TargetAttributes = {
					445581A424B653EB006AB30F = {
						CreatedOnToolsVersion = 10.2.1;
					};
					445581B824B653EF006AB30F = {
						CreatedOnToolsVersion = 10.2.1;
						TestTargetID = 445581A424B653EB006AB30F;
					};
					445581C324B653EF006AB30F = {
						CreatedOnToolsVersion = 10.2.1;
						TestTargetID = 445581A424B653EB006AB30F;
					};
				};
			};
			buildConfigurationList = 445581A024B653EB006AB30F /* Build configuration list for PBXProject "TipCalculator2" */;
			compatibilityVersion = "Xcode 9.3";
			developmentRegion = en;
			hasScannedForEncodings = 0;
			knownRegions = (
				en,
				Base,
			);
			mainGroup = 4455819C24B653EB006AB30F;
			productRefGroup = 445581A624B653EB006AB30F /* Products */;
			projectDirPath = "";
			projectRoot = "";
			targets = (
				445581A424B653EB006AB30F /* TipCalculator2 */,
				445581B824B653EF006AB30F /* TipCalculator2Tests */,
				445581C324B653EF006AB30F /* TipCalculator2UITests */,
			);
		};
/* End PBXProject section */

/* Begin PBXResourcesBuildPhase section */
		445581A324B653EB006AB30F /* Resources */ = {
			isa = PBXResourcesBuildPhase;
			buildActionMask = 2147483647;
			files = (
				445581B324B653EE006AB30F /* LaunchScreen.storyboard in Resources */,
				445581B024B653EE006AB30F /* Assets.xcassets in Resources */,
				445581AE24B653EB006AB30F /* Main.storyboard in Resources */,
			);
			runOnlyForDeploymentPostprocessing = 0;
		};
		445581B724B653EF006AB30F /* Resources */ = {
			isa = PBXResourcesBuildPhase;
			buildActionMask = 2147483647;
			files = (
			);
			runOnlyForDeploymentPostprocessing = 0;
		};
		445581C224B653EF006AB30F /* Resources */ = {
			isa = PBXResourcesBuildPhase;
			buildActionMask = 2147483647;
			files = (
			);
			runOnlyForDeploymentPostprocessing = 0;
		};
/* End PBXResourcesBuildPhase section */

/* Begin PBXSourcesBuildPhase section */
		445581A124B653EB006AB30F /* Sources */ = {
			isa = PBXSourcesBuildPhase;
			buildActionMask = 2147483647;
			files = (
				445581AB24B653EB006AB30F /* ViewController.swift in Sources */,
				445581A924B653EB006AB30F /* AppDelegate.swift in Sources */,
			);
			runOnlyForDeploymentPostprocessing = 0;
		};
		445581B524B653EF006AB30F /* Sources */ = {
			isa = PBXSourcesBuildPhase;
			buildActionMask = 2147483647;
			files = (
				445581BE24B653EF006AB30F /* TipCalculator2Tests.swift in Sources */,
			);
			runOnlyForDeploymentPostprocessing = 0;
		};
		445581C024B653EF006AB30F /* Sources */ = {
			isa = PBXSourcesBuildPhase;
			buildActionMask = 2147483647;
			files = (
				445581C924B653EF006AB30F /* TipCalculator2UITests.swift in Sources */,
			);
			runOnlyForDeploymentPostprocessing = 0;
		};
/* End PBXSourcesBuildPhase section */

/* Begin PBXTargetDependency section */
		445581BB24B653EF006AB30F /* PBXTargetDependency */ = {
			isa = PBXTargetDependency;
			target = 445581A424B653EB006AB30F /* TipCalculator2 */;
			targetProxy = 445581BA24B653EF006AB30F /* PBXContainerItemProxy */;
		};
		445581C624B653EF006AB30F /* PBXTargetDependency */ = {
			isa = PBXTargetDependency;
			target = 445581A424B653EB006AB30F /* TipCalculator2 */;
			targetProxy = 445581C524B653EF006AB30F /* PBXContainerItemProxy */;
		};
/* End PBXTargetDependency section */

/* Begin PBXVariantGroup section */
		445581AC24B653EB006AB30F /* Main.storyboard */ = {
			isa = PBXVariantGroup;
			children = (
				445581AD24B653EB006AB30F /* Base */,
			);
			name = Main.storyboard;
			sourceTree = "<group>";
		};
		445581B124B653EE006AB30F /* LaunchScreen.storyboard */ = {
			isa = PBXVariantGroup;
			children = (
				445581B224B653EE006AB30F /* Base */,
			);
			name = LaunchScreen.storyboard;
			sourceTree = "<group>";
		};
/* End PBXVariantGroup section */

/* Begin XCBuildConfiguration section */
		445581CB24B653EF006AB30F /* Debug */ = {
			isa = XCBuildConfiguration;
			buildSettings = {
				ALWAYS_SEARCH_USER_PATHS = NO;
				CLANG_ANALYZER_NONNULL = YES;
				CLANG_ANALYZER_NUMBER_OBJECT_CONVERSION = YES_AGGRESSIVE;
				CLANG_CXX_LANGUAGE_STANDARD = "gnu++14";
				CLANG_CXX_LIBRARY = "libc++";
				CLANG_ENABLE_MODULES = YES;
				CLANG_ENABLE_OBJC_ARC = YES;
				CLANG_ENABLE_OBJC_WEAK = YES;
				CLANG_WARN_BLOCK_CAPTURE_AUTORELEASING = YES;
				CLANG_WARN_BOOL_CONVERSION = YES;
				CLANG_WARN_COMMA = YES;
				CLANG_WARN_CONSTANT_CONVERSION = YES;
				CLANG_WARN_DEPRECATED_OBJC_IMPLEMENTATIONS = YES;
				CLANG_WARN_DIRECT_OBJC_ISA_USAGE = YES_ERROR;
				CLANG_WARN_DOCUMENTATION_COMMENTS = YES;
				CLANG_WARN_EMPTY_BODY = YES;
				CLANG_WARN_ENUM_CONVERSION = YES;
				CLANG_WARN_INFINITE_RECURSION = YES;
				CLANG_WARN_INT_CONVERSION = YES;
				CLANG_WARN_NON_LITERAL_NULL_CONVERSION = YES;
				CLANG_WARN_OBJC_IMPLICIT_RETAIN_SELF = YES;
				CLANG_WARN_OBJC_LITERAL_CONVERSION = YES;
				CLANG_WARN_OBJC_ROOT_CLASS = YES_ERROR;
				CLANG_WARN_RANGE_LOOP_ANALYSIS = YES;
				CLANG_WARN_STRICT_PROTOTYPES = YES;
				CLANG_WARN_SUSPICIOUS_MOVE = YES;
				CLANG_WARN_UNGUARDED_AVAILABILITY = YES_AGGRESSIVE;
				CLANG_WARN_UNREACHABLE_CODE = YES;
				CLANG_WARN__DUPLICATE_METHOD_MATCH = YES;
				CODE_SIGN_IDENTITY = "iPhone Developer";
				COPY_PHASE_STRIP = NO;
				DEBUG_INFORMATION_FORMAT = dwarf;
				ENABLE_STRICT_OBJC_MSGSEND = YES;
				ENABLE_TESTABILITY = YES;
				GCC_C_LANGUAGE_STANDARD = gnu11;
				GCC_DYNAMIC_NO_PIC = NO;
				GCC_NO_COMMON_BLOCKS = YES;
				GCC_OPTIMIZATION_LEVEL = 0;
				GCC_PREPROCESSOR_DEFINITIONS = (
					"DEBUG=1",
					"$(inherited)",
				);
				GCC_WARN_64_TO_32_BIT_CONVERSION = YES;
				GCC_WARN_ABOUT_RETURN_TYPE = YES_ERROR;
				GCC_WARN_UNDECLARED_SELECTOR = YES;
				GCC_WARN_UNINITIALIZED_AUTOS = YES_AGGRESSIVE;
				GCC_WARN_UNUSED_FUNCTION = YES;
				GCC_WARN_UNUSED_VARIABLE = YES;
				IPHONEOS_DEPLOYMENT_TARGET = 12.2;
				MTL_ENABLE_DEBUG_INFO = INCLUDE_SOURCE;
				MTL_FAST_MATH = YES;
				ONLY_ACTIVE_ARCH = YES;
				SDKROOT = iphoneos;
				SWIFT_ACTIVE_COMPILATION_CONDITIONS = DEBUG;
				SWIFT_OPTIMIZATION_LEVEL = "-Onone";
			};
			name = Debug;
		};
		445581CC24B653EF006AB30F /* Release */ = {
			isa = XCBuildConfiguration;
			buildSettings = {
				ALWAYS_SEARCH_USER_PATHS = NO;
				CLANG_ANALYZER_NONNULL = YES;
				CLANG_ANALYZER_NUMBER_OBJECT_CONVERSION = YES_AGGRESSIVE;
				CLANG_CXX_LANGUAGE_STANDARD = "gnu++14";
				CLANG_CXX_LIBRARY = "libc++";
				CLANG_ENABLE_MODULES = YES;
				CLANG_ENABLE_OBJC_ARC = YES;
				CLANG_ENABLE_OBJC_WEAK = YES;
				CLANG_WARN_BLOCK_CAPTURE_AUTORELEASING = YES;
				CLANG_WARN_BOOL_CONVERSION = YES;
				CLANG_WARN_COMMA = YES;
				CLANG_WARN_CONSTANT_CONVERSION = YES;
				CLANG_WARN_DEPRECATED_OBJC_IMPLEMENTATIONS = YES;
				CLANG_WARN_DIRECT_OBJC_ISA_USAGE = YES_ERROR;
				CLANG_WARN_DOCUMENTATION_COMMENTS = YES;
				CLANG_WARN_EMPTY_BODY = YES;
				CLANG_WARN_ENUM_CONVERSION = YES;
				CLANG_WARN_INFINITE_RECURSION = YES;
				CLANG_WARN_INT_CONVERSION = YES;
				CLANG_WARN_NON_LITERAL_NULL_CONVERSION = YES;
				CLANG_WARN_OBJC_IMPLICIT_RETAIN_SELF = YES;
				CLANG_WARN_OBJC_LITERAL_CONVERSION = YES;
				CLANG_WARN_OBJC_ROOT_CLASS = YES_ERROR;
				CLANG_WARN_RANGE_LOOP_ANALYSIS = YES;
				CLANG_WARN_STRICT_PROTOTYPES = YES;
				CLANG_WARN_SUSPICIOUS_MOVE = YES;
				CLANG_WARN_UNGUARDED_AVAILABILITY = YES_AGGRESSIVE;
				CLANG_WARN_UNREACHABLE_CODE = YES;
				CLANG_WARN__DUPLICATE_METHOD_MATCH = YES;
				CODE_SIGN_IDENTITY = "iPhone Developer";
				COPY_PHASE_STRIP = NO;
				DEBUG_INFORMATION_FORMAT = "dwarf-with-dsym";
				ENABLE_NS_ASSERTIONS = NO;
				ENABLE_STRICT_OBJC_MSGSEND = YES;
				GCC_C_LANGUAGE_STANDARD = gnu11;
				GCC_NO_COMMON_BLOCKS = YES;
				GCC_WARN_64_TO_32_BIT_CONVERSION = YES;
				GCC_WARN_ABOUT_RETURN_TYPE = YES_ERROR;
				GCC_WARN_UNDECLARED_SELECTOR = YES;
				GCC_WARN_UNINITIALIZED_AUTOS = YES_AGGRESSIVE;
				GCC_WARN_UNUSED_FUNCTION = YES;
				GCC_WARN_UNUSED_VARIABLE = YES;
				IPHONEOS_DEPLOYMENT_TARGET = 12.2;
				MTL_ENABLE_DEBUG_INFO = NO;
				MTL_FAST_MATH = YES;
				SDKROOT = iphoneos;
				SWIFT_COMPILATION_MODE = wholemodule;
				SWIFT_OPTIMIZATION_LEVEL = "-O";
				VALIDATE_PRODUCT = YES;
			};
			name = Release;
		};
		445581CE24B653EF006AB30F /* Debug */ = {
			isa = XCBuildConfiguration;
			buildSettings = {
				ASSETCATALOG_COMPILER_APPICON_NAME = AppIcon;
				CODE_SIGN_STYLE = Automatic;
				INFOPLIST_FILE = TipCalculator2/Info.plist;
				LD_RUNPATH_SEARCH_PATHS = (
					"$(inherited)",
					"@executable_path/Frameworks",
				);
				PRODUCT_BUNDLE_IDENTIFIER = Codepath.TipCalculator2;
				PRODUCT_NAME = "$(TARGET_NAME)";
				SWIFT_VERSION = 5.0;
				TARGETED_DEVICE_FAMILY = "1,2";
			};
			name = Debug;
		};
		445581CF24B653EF006AB30F /* Release */ = {
			isa = XCBuildConfiguration;
			buildSettings = {
				ASSETCATALOG_COMPILER_APPICON_NAME = AppIcon;
				CODE_SIGN_STYLE = Automatic;
				INFOPLIST_FILE = TipCalculator2/Info.plist;
				LD_RUNPATH_SEARCH_PATHS = (
					"$(inherited)",
					"@executable_path/Frameworks",
				);
				PRODUCT_BUNDLE_IDENTIFIER = Codepath.TipCalculator2;
				PRODUCT_NAME = "$(TARGET_NAME)";
				SWIFT_VERSION = 5.0;
				TARGETED_DEVICE_FAMILY = "1,2";
			};
			name = Release;
		};
		445581D124B653EF006AB30F /* Debug */ = {
			isa = XCBuildConfiguration;
			buildSettings = {
				ALWAYS_EMBED_SWIFT_STANDARD_LIBRARIES = YES;
				BUNDLE_LOADER = "$(TEST_HOST)";
				CODE_SIGN_STYLE = Automatic;
				INFOPLIST_FILE = TipCalculator2Tests/Info.plist;
				LD_RUNPATH_SEARCH_PATHS = (
					"$(inherited)",
					"@executable_path/Frameworks",
					"@loader_path/Frameworks",
				);
				PRODUCT_BUNDLE_IDENTIFIER = Codepath.TipCalculator2Tests;
				PRODUCT_NAME = "$(TARGET_NAME)";
				SWIFT_VERSION = 5.0;
				TARGETED_DEVICE_FAMILY = "1,2";
				TEST_HOST = "$(BUILT_PRODUCTS_DIR)/TipCalculator2.app/TipCalculator2";
			};
			name = Debug;
		};
		445581D224B653EF006AB30F /* Release */ = {
			isa = XCBuildConfiguration;
			buildSettings = {
				ALWAYS_EMBED_SWIFT_STANDARD_LIBRARIES = YES;
				BUNDLE_LOADER = "$(TEST_HOST)";
				CODE_SIGN_STYLE = Automatic;
				INFOPLIST_FILE = TipCalculator2Tests/Info.plist;
				LD_RUNPATH_SEARCH_PATHS = (
					"$(inherited)",
					"@executable_path/Frameworks",
					"@loader_path/Frameworks",
				);
				PRODUCT_BUNDLE_IDENTIFIER = Codepath.TipCalculator2Tests;
				PRODUCT_NAME = "$(TARGET_NAME)";
				SWIFT_VERSION = 5.0;
				TARGETED_DEVICE_FAMILY = "1,2";
				TEST_HOST = "$(BUILT_PRODUCTS_DIR)/TipCalculator2.app/TipCalculator2";
			};
			name = Release;
		};
		445581D424B653EF006AB30F /* Debug */ = {
			isa = XCBuildConfiguration;
			buildSettings = {
				ALWAYS_EMBED_SWIFT_STANDARD_LIBRARIES = YES;
				CODE_SIGN_STYLE = Automatic;
				INFOPLIST_FILE = TipCalculator2UITests/Info.plist;
				LD_RUNPATH_SEARCH_PATHS = (
					"$(inherited)",
					"@executable_path/Frameworks",
					"@loader_path/Frameworks",
				);
				PRODUCT_BUNDLE_IDENTIFIER = Codepath.TipCalculator2UITests;
				PRODUCT_NAME = "$(TARGET_NAME)";
				SWIFT_VERSION = 5.0;
				TARGETED_DEVICE_FAMILY = "1,2";
				TEST_TARGET_NAME = TipCalculator2;
			};
			name = Debug;
		};
		445581D524B653EF006AB30F /* Release */ = {
			isa = XCBuildConfiguration;
			buildSettings = {
				ALWAYS_EMBED_SWIFT_STANDARD_LIBRARIES = YES;
				CODE_SIGN_STYLE = Automatic;
				INFOPLIST_FILE = TipCalculator2UITests/Info.plist;
				LD_RUNPATH_SEARCH_PATHS = (
					"$(inherited)",
					"@executable_path/Frameworks",
					"@loader_path/Frameworks",
				);
				PRODUCT_BUNDLE_IDENTIFIER = Codepath.TipCalculator2UITests;
				PRODUCT_NAME = "$(TARGET_NAME)";
				SWIFT_VERSION = 5.0;
				TARGETED_DEVICE_FAMILY = "1,2";
				TEST_TARGET_NAME = TipCalculator2;
			};
			name = Release;
		};
/* End XCBuildConfiguration section */

/* Begin XCConfigurationList section */
		445581A024B653EB006AB30F /* Build configuration list for PBXProject "TipCalculator2" */ = {
			isa = XCConfigurationList;
			buildConfigurations = (
				445581CB24B653EF006AB30F /* Debug */,
				445581CC24B653EF006AB30F /* Release */,
			);
			defaultConfigurationIsVisible = 0;
			defaultConfigurationName = Release;
		};
		445581CD24B653EF006AB30F /* Build configuration list for PBXNativeTarget "TipCalculator2" */ = {
			isa = XCConfigurationList;
			buildConfigurations = (
				445581CE24B653EF006AB30F /* Debug */,
				445581CF24B653EF006AB30F /* Release */,
			);
			defaultConfigurationIsVisible = 0;
			defaultConfigurationName = Release;
		};
		445581D024B653EF006AB30F /* Build configuration list for PBXNativeTarget "TipCalculator2Tests" */ = {
			isa = XCConfigurationList;
			buildConfigurations = (
				445581D124B653EF006AB30F /* Debug */,
				445581D224B653EF006AB30F /* Release */,
			);
			defaultConfigurationIsVisible = 0;
			defaultConfigurationName = Release;
		};
		445581D324B653EF006AB30F /* Build configuration list for PBXNativeTarget "TipCalculator2UITests" */ = {
			isa = XCConfigurationList;
			buildConfigurations = (
				445581D424B653EF006AB30F /* Debug */,
				445581D524B653EF006AB30F /* Release */,
			);
			defaultConfigurationIsVisible = 0;
			defaultConfigurationName = Release;
		};
/* End XCConfigurationList section */
	};
	rootObject = 4455819D24B653EB006AB30F /* Project object */;
}
